
Microsoft Visual Studio Solution File, Format Version 12.00
# Visual Studio Version 16
VisualStudioVersion = 16.0.34031.81
MinimumVisualStudioVersion = 10.0.40219.1
Project("{8BC9CEB8-8B4A-11D0-8D11-00A0C91BC942}") = "BubbleSort", "BubbleSort\BubbleSort.vcxproj", "{CE7CFADE-D174-42BC-9BFE-FC901709688D}"
EndProject
Project("{8BC9CEB8-8B4A-11D0-8D11-00A0C91BC942}") = "InsertionSort", "InsertionSort\InsertionSort.vcxproj", "{DC232C70-2E29-4154-8EE7-DA00D7E8B0B3}"
EndProject
Project("{8BC9CEB8-8B4A-11D0-8D11-00A0C91BC942}") = "QuickSort", "QuickSort\QuickSort.vcxproj", "{276EB724-ABFE-4469-9AD5-6371D93C5DE0}"
EndProject
Project("{8BC9CEB8-8B4A-11D0-8D11-00A0C91BC942}") = "QuickSort2", "QuickSort2\QuickSort2.vcxproj", "{207B2B65-B64D-42E1-A688-3B3FE40B8759}"
EndProject
Project("{8BC9CEB8-8B4A-11D0-8D11-00A0C91BC942}") = "QuickSort_Exercise", "QuickSort_Exercise\QuickSort_Exercise.vcxproj", "{8E7F7918-03D0-4768-9312-31D71760BCA0}"
EndProject
Project("{8BC9CEB8-8B4A-11D0-8D11-00A0C91BC942}") = "InsertionSort_Exercise", "InsertionSort_Exercise\InsertionSort_Exercise.vcxproj", "{8B02F67C-41CD-4C10-8FFC-DFEA8226C316}"
EndProject
Project("{8BC9CEB8-8B4A-11D0-8D11-00A0C91BC942}") = "QuickSort_Exercise_2", "QuickSort_Exercise_2\QuickSort_Exercise_2.vcxproj", "{B5A7A95C-3EDE-41AF-8FF3-EA913CB97026}"
EndProject
Global
	GlobalSection(SolutionConfigurationPlatforms) = preSolution
		Debug|x64 = Debug|x64
		Debug|x86 = Debug|x86
		Release|x64 = Release|x64
		Release|x86 = Release|x86
	EndGlobalSection
	GlobalSection(ProjectConfigurationPlatforms) = postSolution
		{CE7CFADE-D174-42BC-9BFE-FC901709688D}.Debug|x64.ActiveCfg = Debug|x64
		{CE7CFADE-D174-42BC-9BFE-FC901709688D}.Debug|x64.Build.0 = Debug|x64
		{CE7CFADE-D174-42BC-9BFE-FC901709688D}.Debug|x86.ActiveCfg = Debug|Win32
		{CE7CFADE-D174-42BC-9BFE-FC901709688D}.Debug|x86.Build.0 = Debug|Win32
		{CE7CFADE-D174-42BC-9BFE-FC901709688D}.Release|x64.ActiveCfg = Release|x64
		{CE7CFADE-D174-42BC-9BFE-FC901709688D}.Release|x64.Build.0 = Release|x64
		{CE7CFADE-D174-42BC-9BFE-FC901709688D}.Release|x86.ActiveCfg = Release|Win32
		{CE7CFADE-D174-42BC-9BFE-FC901709688D}.Release|x86.Build.0 = Release|Win32
		{DC232C70-2E29-4154-8EE7-DA00D7E8B0B3}.Debug|x64.ActiveCfg = Debug|x64
		{DC232C70-2E29-4154-8EE7-DA00D7E8B0B3}.Debug|x64.Build.0 = Debug|x64
		{DC232C70-2E29-4154-8EE7-DA00D7E8B0B3}.Debug|x86.ActiveCfg = Debug|Win32
		{DC232C70-2E29-4154-8EE7-DA00D7E8B0B3}.Debug|x86.Build.0 = Debug|Win32
		{DC232C70-2E29-4154-8EE7-DA00D7E8B0B3}.Release|x64.ActiveCfg = Release|x64
		{DC232C70-2E29-4154-8EE7-DA00D7E8B0B3}.Release|x64.Build.0 = Release|x64
		{DC232C70-2E29-4154-8EE7-DA00D7E8B0B3}.Release|x86.ActiveCfg = Release|Win32
		{DC232C70-2E29-4154-8EE7-DA00D7E8B0B3}.Release|x86.Build.0 = Release|Win32
		{276EB724-ABFE-4469-9AD5-6371D93C5DE0}.Debug|x64.ActiveCfg = Debug|x64
		{276EB724-ABFE-4469-9AD5-6371D93C5DE0}.Debug|x64.Build.0 = Debug|x64
		{276EB724-ABFE-4469-9AD5-6371D93C5DE0}.Debug|x86.ActiveCfg = Debug|Win32
		{276EB724-ABFE-4469-9AD5-6371D93C5DE0}.Debug|x86.Build.0 = Debug|Win32
		{276EB724-ABFE-4469-9AD5-6371D93C5DE0}.Release|x64.ActiveCfg = Release|x64
		{276EB724-ABFE-4469-9AD5-6371D93C5DE0}.Release|x64.Build.0 = Release|x64
		{276EB724-ABFE-4469-9AD5-6371D93C5DE0}.Release|x86.ActiveCfg = Release|Win32
		{276EB724-ABFE-4469-9AD5-6371D93C5DE0}.Release|x86.Build.0 = Release|Win32
		{207B2B65-B64D-42E1-A688-3B3FE40B8759}.Debug|x64.ActiveCfg = Debug|x64
		{207B2B65-B64D-42E1-A688-3B3FE40B8759}.Debug|x64.Build.0 = Debug|x64
		{207B2B65-B64D-42E1-A688-3B3FE40B8759}.Debug|x86.ActiveCfg = Debug|Win32
		{207B2B65-B64D-42E1-A688-3B3FE40B8759}.Debug|x86.Build.0 = Debug|Win32
		{207B2B65-B64D-42E1-A688-3B3FE40B8759}.Release|x64.ActiveCfg = Release|x64
		{207B2B65-B64D-42E1-A688-3B3FE40B8759}.Release|x64.Build.0 = Release|x64
		{207B2B65-B64D-42E1-A688-3B3FE40B8759}.Release|x86.ActiveCfg = Release|Win32
		{207B2B65-B64D-42E1-A688-3B3FE40B8759}.Release|x86.Build.0 = Release|Win32
		{8E7F7918-03D0-4768-9312-31D71760BCA0}.Debug|x64.ActiveCfg = Debug|x64
		{8E7F7918-03D0-4768-9312-31D71760BCA0}.Debug|x64.Build.0 = Debug|x64
		{8E7F7918-03D0-4768-9312-31D71760BCA0}.Debug|x86.ActiveCfg = Debug|Win32
		{8E7F7918-03D0-4768-9312-31D71760BCA0}.Debug|x86.Build.0 = Debug|Win32
		{8E7F7918-03D0-4768-9312-31D71760BCA0}.Release|x64.ActiveCfg = Release|x64
		{8E7F7918-03D0-4768-9312-31D71760BCA0}.Release|x64.Build.0 = Release|x64
		{8E7F7918-03D0-4768-9312-31D71760BCA0}.Release|x86.ActiveCfg = Release|Win32
		{8E7F7918-03D0-4768-9312-31D71760BCA0}.Release|x86.Build.0 = Release|Win32
		{8B02F67C-41CD-4C10-8FFC-DFEA8226C316}.Debug|x64.ActiveCfg = Debug|x64
		{8B02F67C-41CD-4C10-8FFC-DFEA8226C316}.Debug|x64.Build.0 = Debug|x64
		{8B02F67C-41CD-4C10-8FFC-DFEA8226C316}.Debug|x86.ActiveCfg = Debug|Win32
		{8B02F67C-41CD-4C10-8FFC-DFEA8226C316}.Debug|x86.Build.0 = Debug|Win32
		{8B02F67C-41CD-4C10-8FFC-DFEA8226C316}.Release|x64.ActiveCfg = Release|x64
		{8B02F67C-41CD-4C10-8FFC-DFEA8226C316}.Release|x64.Build.0 = Release|x64
		{8B02F67C-41CD-4C10-8FFC-DFEA8226C316}.Release|x86.ActiveCfg = Release|Win32
		{8B02F67C-41CD-4C10-8FFC-DFEA8226C316}.Release|x86.Build.0 = Release|Win32
		{B5A7A95C-3EDE-41AF-8FF3-EA913CB97026}.Debug|x64.ActiveCfg = Debug|x64
		{B5A7A95C-3EDE-41AF-8FF3-EA913CB97026}.Debug|x64.Build.0 = Debug|x64
		{B5A7A95C-3EDE-41AF-8FF3-EA913CB97026}.Debug|x86.ActiveCfg = Debug|Win32
		{B5A7A95C-3EDE-41AF-8FF3-EA913CB97026}.Debug|x86.Build.0 = Debug|Win32
		{B5A7A95C-3EDE-41AF-8FF3-EA913CB97026}.Release|x64.ActiveCfg = Release|x64
		{B5A7A95C-3EDE-41AF-8FF3-EA913CB97026}.Release|x64.Build.0 = Release|x64
		{B5A7A95C-3EDE-41AF-8FF3-EA913CB97026}.Release|x86.ActiveCfg = Release|Win32
		{B5A7A95C-3EDE-41AF-8FF3-EA913CB97026}.Release|x86.Build.0 = Release|Win32
	EndGlobalSection
	GlobalSection(SolutionProperties) = preSolution
		HideSolutionNode = FALSE
	EndGlobalSection
	GlobalSection(ExtensibilityGlobals) = postSolution
		SolutionGuid = {2DE666AE-895C-4967-AB1E-CB9DE13922BD}
	EndGlobalSection
EndGlobal
