
Microsoft Visual Studio Solution File, Format Version 12.00
# Visual Studio Version 16
VisualStudioVersion = 16.0.34031.81
MinimumVisualStudioVersion = 10.0.40219.1
Project("{8BC9CEB8-8B4A-11D0-8D11-00A0C91BC942}") = "SimpleHashTable", "SimpleHashTable\SimpleHashTable.vcxproj", "{54469D58-505D-482B-84E4-5050B9A660F9}"
EndProject
Project("{8BC9CEB8-8B4A-11D0-8D11-00A0C91BC942}") = "Chaining", "Chaining\Chaining.vcxproj", "{A6C8F65A-5342-47DE-9ECE-6E6E2E0FF591}"
EndProject
Global
	GlobalSection(SolutionConfigurationPlatforms) = preSolution
		Debug|x64 = Debug|x64
		Debug|x86 = Debug|x86
		Release|x64 = Release|x64
		Release|x86 = Release|x86
	EndGlobalSection
	GlobalSection(ProjectConfigurationPlatforms) = postSolution
		{54469D58-505D-482B-84E4-5050B9A660F9}.Debug|x64.ActiveCfg = Debug|x64
		{54469D58-505D-482B-84E4-5050B9A660F9}.Debug|x64.Build.0 = Debug|x64
		{54469D58-505D-482B-84E4-5050B9A660F9}.Debug|x86.ActiveCfg = Debug|Win32
		{54469D58-505D-482B-84E4-5050B9A660F9}.Debug|x86.Build.0 = Debug|Win32
		{54469D58-505D-482B-84E4-5050B9A660F9}.Release|x64.ActiveCfg = Release|x64
		{54469D58-505D-482B-84E4-5050B9A660F9}.Release|x64.Build.0 = Release|x64
		{54469D58-505D-482B-84E4-5050B9A660F9}.Release|x86.ActiveCfg = Release|Win32
		{54469D58-505D-482B-84E4-5050B9A660F9}.Release|x86.Build.0 = Release|Win32
		{A6C8F65A-5342-47DE-9ECE-6E6E2E0FF591}.Debug|x64.ActiveCfg = Debug|x64
		{A6C8F65A-5342-47DE-9ECE-6E6E2E0FF591}.Debug|x64.Build.0 = Debug|x64
		{A6C8F65A-5342-47DE-9ECE-6E6E2E0FF591}.Debug|x86.ActiveCfg = Debug|Win32
		{A6C8F65A-5342-47DE-9ECE-6E6E2E0FF591}.Debug|x86.Build.0 = Debug|Win32
		{A6C8F65A-5342-47DE-9ECE-6E6E2E0FF591}.Release|x64.ActiveCfg = Release|x64
		{A6C8F65A-5342-47DE-9ECE-6E6E2E0FF591}.Release|x64.Build.0 = Release|x64
		{A6C8F65A-5342-47DE-9ECE-6E6E2E0FF591}.Release|x86.ActiveCfg = Release|Win32
		{A6C8F65A-5342-47DE-9ECE-6E6E2E0FF591}.Release|x86.Build.0 = Release|Win32
	EndGlobalSection
	GlobalSection(SolutionProperties) = preSolution
		HideSolutionNode = FALSE
	EndGlobalSection
	GlobalSection(ExtensibilityGlobals) = postSolution
		SolutionGuid = {990A50CE-AA87-4F40-8BB2-7A3EEDA49585}
	EndGlobalSection
EndGlobal
